// !$*UTF8*$!
{
	archiveVersion = 1;
	classes = {
	};
	objectVersion = 56;
	objects = {

/* Begin PBXBuildFile section */
		A1000001 /* OpenCodeRemoteApp.swift in Sources */ = {isa = PBXBuildFile; fileRef = A2000001; };
		A1000002 /* ContentView.swift in Sources */ = {isa = PBXBuildFile; fileRef = A2000002; };
		A1000003 /* ChatView.swift in Sources */ = {isa = PBXBuildFile; fileRef = A2000003; };
		A1000004 /* SettingsView.swift in Sources */ = {isa = PBXBuildFile; fileRef = A2000004; };
		A1000005 /* ModelPickerView.swift in Sources */ = {isa = PBXBuildFile; fileRef = A2000005; };
		A1000006 /* ServerConfig.swift in Sources */ = {isa = PBXBuildFile; fileRef = A2000006; };
		A1000007 /* Session.swift in Sources */ = {isa = PBXBuildFile; fileRef = A2000007; };
		A1000008 /* Provider.swift in Sources */ = {isa = PBXBuildFile; fileRef = A2000008; };
		A1000009 /* OpenCodeAPI.swift in Sources */ = {isa = PBXBuildFile; fileRef = A2000009; };
		A1000010 /* EventStreamService.swift in Sources */ = {isa = PBXBuildFile; fileRef = A2000010; };
		A1000011 /* ChatViewModel.swift in Sources */ = {isa = PBXBuildFile; fileRef = A2000011; };
		A1000012 /* SessionListViewModel.swift in Sources */ = {isa = PBXBuildFile; fileRef = A2000012; };
		A1000013 /* ModelPickerViewModel.swift in Sources */ = {isa = PBXBuildFile; fileRef = A2000013; };
		A1000014 /* Assets.xcassets in Resources */ = {isa = PBXBuildFile; fileRef = A2000014; };
		A1000015 /* SpaceTheme.swift in Sources */ = {isa = PBXBuildFile; fileRef = A2000016; };
		A1000016 /* SpaceBackground.swift in Sources */ = {isa = PBXBuildFile; fileRef = A2000017; };
		A1000017 /* KeychainHelper.swift in Sources */ = {isa = PBXBuildFile; fileRef = A2000018; };
		A1000018 /* NotificationManager.swift in Sources */ = {isa = PBXBuildFile; fileRef = A2000019; };
		B1000001 /* ServerConfigTests.swift in Sources */ = {isa = PBXBuildFile; fileRef = B2000001; };
		B1000002 /* KeychainHelperTests.swift in Sources */ = {isa = PBXBuildFile; fileRef = B2000002; };
		B1000003 /* ModelTests.swift in Sources */ = {isa = PBXBuildFile; fileRef = B2000003; };
/* End PBXBuildFile section */

/* Begin PBXFileReference section */
		A2000001 /* OpenCodeRemoteApp.swift */ = {isa = PBXFileReference; lastKnownFileType = sourcecode.swift; path = OpenCodeRemoteApp.swift; sourceTree = "<group>"; };
		A2000002 /* ContentView.swift */ = {isa = PBXFileReference; lastKnownFileType = sourcecode.swift; path = ContentView.swift; sourceTree = "<group>"; };
		A2000003 /* ChatView.swift */ = {isa = PBXFileReference; lastKnownFileType = sourcecode.swift; path = ChatView.swift; sourceTree = "<group>"; };
		A2000004 /* SettingsView.swift */ = {isa = PBXFileReference; lastKnownFileType = sourcecode.swift; path = SettingsView.swift; sourceTree = "<group>"; };
		A2000005 /* ModelPickerView.swift */ = {isa = PBXFileReference; lastKnownFileType = sourcecode.swift; path = ModelPickerView.swift; sourceTree = "<group>"; };
		A2000006 /* ServerConfig.swift */ = {isa = PBXFileReference; lastKnownFileType = sourcecode.swift; path = ServerConfig.swift; sourceTree = "<group>"; };
		A2000007 /* Session.swift */ = {isa = PBXFileReference; lastKnownFileType = sourcecode.swift; path = Session.swift; sourceTree = "<group>"; };
		A2000008 /* Provider.swift */ = {isa = PBXFileReference; lastKnownFileType = sourcecode.swift; path = Provider.swift; sourceTree = "<group>"; };
		A2000009 /* OpenCodeAPI.swift */ = {isa = PBXFileReference; lastKnownFileType = sourcecode.swift; path = OpenCodeAPI.swift; sourceTree = "<group>"; };
		A2000010 /* EventStreamService.swift */ = {isa = PBXFileReference; lastKnownFileType = sourcecode.swift; path = EventStreamService.swift; sourceTree = "<group>"; };
		A2000011 /* ChatViewModel.swift */ = {isa = PBXFileReference; lastKnownFileType = sourcecode.swift; path = ChatViewModel.swift; sourceTree = "<group>"; };
		A2000012 /* SessionListViewModel.swift */ = {isa = PBXFileReference; lastKnownFileType = sourcecode.swift; path = SessionListViewModel.swift; sourceTree = "<group>"; };
		A2000013 /* ModelPickerViewModel.swift */ = {isa = PBXFileReference; lastKnownFileType = sourcecode.swift; path = ModelPickerViewModel.swift; sourceTree = "<group>"; };
		A2000014 /* Assets.xcassets */ = {isa = PBXFileReference; lastKnownFileType = folder.assetcatalog; path = Assets.xcassets; sourceTree = "<group>"; };
		A2000015 /* Info.plist */ = {isa = PBXFileReference; lastKnownFileType = text.plist.xml; path = Info.plist; sourceTree = "<group>"; };
		A2000016 /* SpaceTheme.swift */ = {isa = PBXFileReference; lastKnownFileType = sourcecode.swift; path = SpaceTheme.swift; sourceTree = "<group>"; };
		A2000017 /* SpaceBackground.swift */ = {isa = PBXFileReference; lastKnownFileType = sourcecode.swift; path = SpaceBackground.swift; sourceTree = "<group>"; };
		A2000018 /* KeychainHelper.swift */ = {isa = PBXFileReference; lastKnownFileType = sourcecode.swift; path = KeychainHelper.swift; sourceTree = "<group>"; };
		A2000019 /* NotificationManager.swift */ = {isa = PBXFileReference; lastKnownFileType = sourcecode.swift; path = NotificationManager.swift; sourceTree = "<group>"; };
		A2000099 /* OpenCodeRemote.app */ = {isa = PBXFileReference; explicitFileType = wrapper.application; includeInIndex = 0; path = OpenCodeRemote.app; sourceTree = BUILT_PRODUCTS_DIR; };
		B2000001 /* ServerConfigTests.swift */ = {isa = PBXFileReference; lastKnownFileType = sourcecode.swift; path = ServerConfigTests.swift; sourceTree = "<group>"; };
		B2000002 /* KeychainHelperTests.swift */ = {isa = PBXFileReference; lastKnownFileType = sourcecode.swift; path = KeychainHelperTests.swift; sourceTree = "<group>"; };
		B2000003 /* ModelTests.swift */ = {isa = PBXFileReference; lastKnownFileType = sourcecode.swift; path = ModelTests.swift; sourceTree = "<group>"; };
		B2000099 /* OpenCodeRemoteTests.xctest */ = {isa = PBXFileReference; explicitFileType = wrapper.cfbundle; includeInIndex = 0; path = OpenCodeRemoteTests.xctest; sourceTree = BUILT_PRODUCTS_DIR; };
/* End PBXFileReference section */

/* Begin PBXFrameworksBuildPhase section */
		A3000001 /* Frameworks */ = {
			isa = PBXFrameworksBuildPhase;
			buildActionMask = 2147483647;
			files = (
			);
			runOnlyForDeploymentPostprocessing = 0;
		};
		B3000001 /* Frameworks */ = {
			isa = PBXFrameworksBuildPhase;
			buildActionMask = 2147483647;
			files = (
			);
			runOnlyForDeploymentPostprocessing = 0;
		};
/* End PBXFrameworksBuildPhase section */

/* Begin PBXGroup section */
		A4000001 = {
			isa = PBXGroup;
			children = (
				A4000002 /* OpenCodeRemote */,
				B4000001 /* OpenCodeRemoteTests */,
				A4000099 /* Products */,
			);
			sourceTree = "<group>";
		};
		A4000002 /* OpenCodeRemote */ = {
			isa = PBXGroup;
			children = (
				A2000001 /* OpenCodeRemoteApp.swift */,
				A2000015 /* Info.plist */,
				A2000014 /* Assets.xcassets */,
				A4000003 /* Models */,
				A4000004 /* Services */,
				A4000007 /* Design */,
				A4000005 /* Views */,
				A4000006 /* ViewModels */,
			);
			path = OpenCodeRemote;
			sourceTree = "<group>";
		};
		A4000003 /* Models */ = {
			isa = PBXGroup;
			children = (
				A2000006 /* ServerConfig.swift */,
				A2000018 /* KeychainHelper.swift */,
				A2000007 /* Session.swift */,
				A2000008 /* Provider.swift */,
			);
			path = Models;
			sourceTree = "<group>";
		};
		A4000004 /* Services */ = {
			isa = PBXGroup;
			children = (
				A2000009 /* OpenCodeAPI.swift */,
				A2000010 /* EventStreamService.swift */,
				A2000019 /* NotificationManager.swift */,
			);
			path = Services;
			sourceTree = "<group>";
		};
		A4000005 /* Views */ = {
			isa = PBXGroup;
			children = (
				A2000002 /* ContentView.swift */,
				A2000003 /* ChatView.swift */,
				A2000004 /* SettingsView.swift */,
				A2000005 /* ModelPickerView.swift */,
			);
			path = Views;
			sourceTree = "<group>";
		};
		A4000007 /* Design */ = {
			isa = PBXGroup;
			children = (
				A2000016 /* SpaceTheme.swift */,
				A2000017 /* SpaceBackground.swift */,
			);
			path = Design;
			sourceTree = "<group>";
		};
		A4000006 /* ViewModels */ = {
			isa = PBXGroup;
			children = (
				A2000011 /* ChatViewModel.swift */,
				A2000012 /* SessionListViewModel.swift */,
				A2000013 /* ModelPickerViewModel.swift */,
			);
			path = ViewModels;
			sourceTree = "<group>";
		};
		A4000099 /* Products */ = {
			isa = PBXGroup;
			children = (
				A2000099 /* OpenCodeRemote.app */,
				B2000099 /* OpenCodeRemoteTests.xctest */,
			);
			name = Products;
			sourceTree = "<group>";
		};
		B4000001 /* OpenCodeRemoteTests */ = {
			isa = PBXGroup;
			children = (
				B2000001 /* KeychainHelperTests.swift */,
				B2000002 /* ServerConfigTests.swift */,
				B2000003 /* ModelTests.swift */,
			);
			path = OpenCodeRemoteTests;
			sourceTree = "<group>";
		};
/* End PBXGroup section */

/* Begin PBXNativeTarget section */
		A5000001 /* OpenCodeRemote */ = {
			isa = PBXNativeTarget;
			buildConfigurationList = A7000001 /* Build configuration list for PBXNativeTarget "OpenCodeRemote" */;
			buildPhases = (
				A6000001 /* Sources */,
				A3000001 /* Frameworks */,
				A6000002 /* Resources */,
			);
			buildRules = (
			);
			dependencies = (
			);
			name = OpenCodeRemote;
			productName = OpenCodeRemote;
			productReference = A2000099 /* OpenCodeRemote.app */;
			productType = "com.apple.product-type.application";
		};
		B5000001 /* OpenCodeRemoteTests */ = {
			isa = PBXNativeTarget;
			buildConfigurationList = B7000001 /* Build configuration list for PBXNativeTarget "OpenCodeRemoteTests" */;
			buildPhases = (
				B6000001 /* Sources */,
				B3000001 /* Frameworks */,
			);
			buildRules = (
			);
			dependencies = (
				B9000001 /* PBXTargetDependency */,
			);
			name = OpenCodeRemoteTests;
			productName = OpenCodeRemoteTests;
			productReference = B2000099 /* OpenCodeRemoteTests.xctest */;
			productType = "com.apple.product-type.bundle.unit-test";
		};
/* End PBXNativeTarget section */

/* Begin PBXContainerItemProxy section */
		B9100001 /* PBXContainerItemProxy */ = {
			isa = PBXContainerItemProxy;
			containerPortal = A8000001 /* Project object */;
			proxyType = 1;
			remoteGlobalIDString = A5000001;
			remoteInfo = OpenCodeRemote;
		};
/* End PBXContainerItemProxy section */

/* Begin PBXTargetDependency section */
		B9000001 /* PBXTargetDependency */ = {
			isa = PBXTargetDependency;
			target = A5000001 /* OpenCodeRemote */;
			targetProxy = B9100001 /* PBXContainerItemProxy */;
		};
/* End PBXTargetDependency section */

/* Begin PBXProject section */
		A8000001 /* Project object */ = {
			isa = PBXProject;
			attributes = {
				BuildIndependentTargetsInParallel = 1;
				LastSwiftUpdateCheck = 1540;
				LastUpgradeCheck = 1540;
				TargetAttributes = {
					A5000001 = {
						CreatedOnToolsVersion = 15.4;
					};
					B5000001 = {
						CreatedOnToolsVersion = 15.4;
						TestTargetID = A5000001;
					};
				};
			};
			buildConfigurationList = A7000002 /* Build configuration list for PBXProject "OpenCodeRemote" */;
			compatibilityVersion = "Xcode 14.0";
			developmentRegion = vi;
			hasScannedForEncodings = 0;
			knownRegions = (
				vi,
				Base,
			);
			mainGroup = A4000001;
			productRefGroup = A4000099 /* Products */;
			projectDirPath = "";
			projectRoot = "";
			targets = (
				A5000001 /* OpenCodeRemote */,
				B5000001 /* OpenCodeRemoteTests */,
			);
		};
/* End PBXProject section */

/* Begin PBXResourcesBuildPhase section */
		A6000002 /* Resources */ = {
			isa = PBXResourcesBuildPhase;
			buildActionMask = 2147483647;
			files = (
				A1000014 /* Assets.xcassets in Resources */,
			);
			runOnlyForDeploymentPostprocessing = 0;
		};
/* End PBXResourcesBuildPhase section */

/* Begin PBXSourcesBuildPhase section */
		A6000001 /* Sources */ = {
			isa = PBXSourcesBuildPhase;
			buildActionMask = 2147483647;
			files = (
				A1000001 /* OpenCodeRemoteApp.swift in Sources */,
				A1000002 /* ContentView.swift in Sources */,
				A1000003 /* ChatView.swift in Sources */,
				A1000004 /* SettingsView.swift in Sources */,
				A1000005 /* ModelPickerView.swift in Sources */,
				A1000006 /* ServerConfig.swift in Sources */,
				A1000007 /* Session.swift in Sources */,
				A1000008 /* Provider.swift in Sources */,
				A1000009 /* OpenCodeAPI.swift in Sources */,
				A1000010 /* EventStreamService.swift in Sources */,
				A1000011 /* ChatViewModel.swift in Sources */,
				A1000012 /* SessionListViewModel.swift in Sources */,
				A1000013 /* ModelPickerViewModel.swift in Sources */,
				A1000015 /* SpaceTheme.swift in Sources */,
				A1000016 /* SpaceBackground.swift in Sources */,
				A1000017 /* KeychainHelper.swift in Sources */,
				A1000018 /* NotificationManager.swift in Sources */,
			);
			runOnlyForDeploymentPostprocessing = 0;
		};
		B6000001 /* Sources */ = {
			isa = PBXSourcesBuildPhase;
			buildActionMask = 2147483647;
			files = (
				B1000002 /* KeychainHelperTests.swift in Sources */,
				B1000001 /* ServerConfigTests.swift in Sources */,
				B1000003 /* ModelTests.swift in Sources */,
			);
			runOnlyForDeploymentPostprocessing = 0;
		};
/* End PBXSourcesBuildPhase section */

/* Begin XCBuildConfiguration section */
		A9000001 /* Debug */ = {
			isa = XCBuildConfiguration;
			buildSettings = {
				ALWAYS_SEARCH_USER_PATHS = NO;
				ASSETCATALOG_COMPILER_GENERATE_SWIFT_ASSET_SYMBOL_EXTENSIONS = YES;
				CLANG_ANALYZER_NONNULL = YES;
				CLANG_CXX_LANGUAGE_STANDARD = "gnu++20";
				CLANG_ENABLE_MODULES = YES;
				CLANG_ENABLE_OBJC_ARC = YES;
				COPY_PHASE_STRIP = NO;
				DEBUG_INFORMATION_FORMAT = dwarf;
				ENABLE_STRICT_OBJC_MSGSEND = YES;
				ENABLE_TESTABILITY = YES;
				GCC_DYNAMIC_NO_PIC = NO;
				GCC_OPTIMIZATION_LEVEL = 0;
				GCC_PREPROCESSOR_DEFINITIONS = (
					"DEBUG=1",
					"$(inherited)",
				);
				GCC_WARN_ABOUT_RETURN_TYPE = YES_ERROR;
				GCC_WARN_UNINITIALIZED_AUTOS = YES_AGGRESSIVE;
				IPHONEOS_DEPLOYMENT_TARGET = 16.0;
				MTL_ENABLE_DEBUG_INFO = INCLUDE_SOURCE;
				ONLY_ACTIVE_ARCH = YES;
				SDKROOT = iphoneos;
				SWIFT_ACTIVE_COMPILATION_CONDITIONS = "$(inherited) DEBUG";
				SWIFT_OPTIMIZATION_LEVEL = "-Onone";
			};
			name = Debug;
		};
		A9000002 /* Release */ = {
			isa = XCBuildConfiguration;
			buildSettings = {
				ALWAYS_SEARCH_USER_PATHS = NO;
				ASSETCATALOG_COMPILER_GENERATE_SWIFT_ASSET_SYMBOL_EXTENSIONS = YES;
				CLANG_ANALYZER_NONNULL = YES;
				CLANG_CXX_LANGUAGE_STANDARD = "gnu++20";
				CLANG_ENABLE_MODULES = YES;
				CLANG_ENABLE_OBJC_ARC = YES;
				COPY_PHASE_STRIP = NO;
				DEBUG_INFORMATION_FORMAT = "dwarf-with-dsym";
				ENABLE_NS_ASSERTIONS = NO;
				ENABLE_STRICT_OBJC_MSGSEND = YES;
				GCC_WARN_ABOUT_RETURN_TYPE = YES_ERROR;
				GCC_WARN_UNINITIALIZED_AUTOS = YES_AGGRESSIVE;
				IPHONEOS_DEPLOYMENT_TARGET = 16.0;
				MTL_ENABLE_DEBUG_INFO = NO;
				SDKROOT = iphoneos;
				SWIFT_COMPILATION_MODE = wholemodule;
				VALIDATE_PRODUCT = YES;
			};
			name = Release;
		};
		A9000003 /* Debug */ = {
			isa = XCBuildConfiguration;
			buildSettings = {
				ASSETCATALOG_COMPILER_APPICON_NAME = AppIcon;
				CODE_SIGN_STYLE = Manual;
				CURRENT_PROJECT_VERSION = 1;
				DEVELOPMENT_TEAM = "";
				GENERATE_INFOPLIST_FILE = NO;
				INFOPLIST_FILE = OpenCodeRemote/Info.plist;
				INFOPLIST_KEY_UIApplicationSceneManifest_Generation = YES;
				INFOPLIST_KEY_UIApplicationSupportsIndirectInputEvents = YES;
				INFOPLIST_KEY_UILaunchScreen_Generation = YES;
				INFOPLIST_KEY_UISupportedInterfaceOrientations = "UIInterfaceOrientationPortrait UIInterfaceOrientationLandscapeLeft UIInterfaceOrientationLandscapeRight";
				LD_RUNPATH_SEARCH_PATHS = (
					"$(inherited)",
					"@executable_path/Frameworks",
				);
				MARKETING_VERSION = 1.0;
				PRODUCT_BUNDLE_IDENTIFIER = com.opencode.remote.ocr2026;
				PRODUCT_NAME = "$(TARGET_NAME)";
				PROVISIONING_PROFILE_SPECIFIER = "";
				SWIFT_EMIT_LOC_STRINGS = YES;
				SWIFT_VERSION = 5.0;
				TARGETED_DEVICE_FAMILY = "1,2";
			};
			name = Debug;
		};
		A9000004 /* Release */ = {
			isa = XCBuildConfiguration;
			buildSettings = {
				ASSETCATALOG_COMPILER_APPICON_NAME = AppIcon;
				CODE_SIGN_STYLE = Manual;
				CURRENT_PROJECT_VERSION = 1;
				DEVELOPMENT_TEAM = "";
				GENERATE_INFOPLIST_FILE = NO;
				INFOPLIST_FILE = OpenCodeRemote/Info.plist;
				INFOPLIST_KEY_UIApplicationSceneManifest_Generation = YES;
				INFOPLIST_KEY_UIApplicationSupportsIndirectInputEvents = YES;
				INFOPLIST_KEY_UILaunchScreen_Generation = YES;
				INFOPLIST_KEY_UISupportedInterfaceOrientations = "UIInterfaceOrientationPortrait UIInterfaceOrientationLandscapeLeft UIInterfaceOrientationLandscapeRight";
				LD_RUNPATH_SEARCH_PATHS = (
					"$(inherited)",
					"@executable_path/Frameworks",
				);
				MARKETING_VERSION = 1.0;
				PRODUCT_BUNDLE_IDENTIFIER = com.opencode.remote.ocr2026;
				PRODUCT_NAME = "$(TARGET_NAME)";
				PROVISIONING_PROFILE_SPECIFIER = "";
				SWIFT_EMIT_LOC_STRINGS = YES;
				SWIFT_VERSION = 5.0;
				TARGETED_DEVICE_FAMILY = "1,2";
			};
			name = Release;
		};
		B9000003 /* Debug */ = {
			isa = XCBuildConfiguration;
			buildSettings = {
				BUNDLE_LOADER = "$(TEST_HOST)";
				CODE_SIGN_STYLE = Manual;
				CODE_SIGNING_ALLOWED = NO;
				CODE_SIGNING_REQUIRED = NO;
				CURRENT_PROJECT_VERSION = 1;
				DEVELOPMENT_TEAM = "";
				GENERATE_INFOPLIST_FILE = YES;
				IPHONEOS_DEPLOYMENT_TARGET = 16.0;
				MARKETING_VERSION = 1.0;
				PRODUCT_BUNDLE_IDENTIFIER = com.opencode.remote.ocr2026.tests;
				PRODUCT_NAME = "$(TARGET_NAME)";
				SWIFT_VERSION = 5.0;
				TARGETED_DEVICE_FAMILY = "1,2";
				TEST_HOST = "$(BUILT_PRODUCTS_DIR)/OpenCodeRemote.app/$(BUNDLE_EXECUTABLE_FOLDER_PATH)/OpenCodeRemote";
			};
			name = Debug;
		};
		B9000004 /* Release */ = {
			isa = XCBuildConfiguration;
			buildSettings = {
				BUNDLE_LOADER = "$(TEST_HOST)";
				CODE_SIGN_STYLE = Manual;
				CODE_SIGNING_ALLOWED = NO;
				CODE_SIGNING_REQUIRED = NO;
				CURRENT_PROJECT_VERSION = 1;
				DEVELOPMENT_TEAM = "";
				GENERATE_INFOPLIST_FILE = YES;
				IPHONEOS_DEPLOYMENT_TARGET = 16.0;
				MARKETING_VERSION = 1.0;
				PRODUCT_BUNDLE_IDENTIFIER = com.opencode.remote.ocr2026.tests;
				PRODUCT_NAME = "$(TARGET_NAME)";
				SWIFT_VERSION = 5.0;
				TARGETED_DEVICE_FAMILY = "1,2";
				TEST_HOST = "$(BUILT_PRODUCTS_DIR)/OpenCodeRemote.app/$(BUNDLE_EXECUTABLE_FOLDER_PATH)/OpenCodeRemote";
			};
			name = Release;
		};
/* End XCBuildConfiguration section */

/* Begin XCConfigurationList section */
		A7000001 /* Build configuration list for PBXNativeTarget "OpenCodeRemote" */ = {
			isa = XCConfigurationList;
			buildConfigurations = (
				A9000003 /* Debug */,
				A9000004 /* Release */,
			);
			defaultConfigurationIsVisible = 0;
			defaultConfigurationName = Release;
		};
		A7000002 /* Build configuration list for PBXProject "OpenCodeRemote" */ = {
			isa = XCConfigurationList;
			buildConfigurations = (
				A9000001 /* Debug */,
				A9000002 /* Release */,
			);
			defaultConfigurationIsVisible = 0;
			defaultConfigurationName = Release;
		};
		B7000001 /* Build configuration list for PBXNativeTarget "OpenCodeRemoteTests" */ = {
			isa = XCConfigurationList;
			buildConfigurations = (
				B9000003 /* Debug */,
				B9000004 /* Release */,
			);
			defaultConfigurationIsVisible = 0;
			defaultConfigurationName = Release;
		};
/* End XCConfigurationList section */
	};
	rootObject = A8000001 /* Project object */;
}
